
Microsoft Visual Studio Solution File, Format Version 12.00
# Visual Studio Version 16
VisualStudioVersion = 16.0.30330.147
MinimumVisualStudioVersion = 10.0.40219.1
Project("{FAE04EC0-301F-11D3-BF4B-00C04F79EFBC}") = "ContaBancaria", "ContaBancaria\ContaBancaria.csproj", "{41D73711-C497-485C-9513-8DD27C3BEB15}"
EndProject
Global
	GlobalSection(SolutionConfigurationPlatforms) = preSolution
		Debug|Any CPU = Debug|Any CPU
		Release|Any CPU = Release|Any CPU
	EndGlobalSection
	GlobalSection(ProjectConfigurationPlatforms) = postSolution
		{41D73711-C497-485C-9513-8DD27C3BEB15}.Debug|Any CPU.ActiveCfg = Debug|Any CPU
		{41D73711-C497-485C-9513-8DD27C3BEB15}.Debug|Any CPU.Build.0 = Debug|Any CPU
		{41D73711-C497-485C-9513-8DD27C3BEB15}.Release|Any CPU.ActiveCfg = Release|Any CPU
		{41D73711-C497-485C-9513-8DD27C3BEB15}.Release|Any CPU.Build.0 = Release|Any CPU
	EndGlobalSection
	GlobalSection(SolutionProperties) = preSolution
		HideSolutionNode = FALSE
	EndGlobalSection
	GlobalSection(ExtensibilityGlobals) = postSolution
		SolutionGuid = {7D3DC731-CC98-4D00-AF66-03E94F935294}
	EndGlobalSection
EndGlobal
